
Microsoft Visual Studio Solution File, Format Version 12.00
# Visual Studio Version 17
VisualStudioVersion = 17.14.35906.104 d17.14
MinimumVisualStudioVersion = 10.0.40219.1
Project("{FAE04EC0-301F-11D3-BF4B-00C04F79EFBC}") = "dotnet_LLM_example", "dotnet_LLM_example\dotnet_LLM_example.csproj", "{3A39DDE5-5613-4644-9BEF-2B84BA952CD5}"
EndProject
Global
	GlobalSection(SolutionConfigurationPlatforms) = preSolution
		Debug|Any CPU = Debug|Any CPU
		Release|Any CPU = Release|Any CPU
	EndGlobalSection
	GlobalSection(ProjectConfigurationPlatforms) = postSolution
		{3A39DDE5-5613-4644-9BEF-2B84BA952CD5}.Debug|Any CPU.ActiveCfg = Debug|Any CPU
		{3A39DDE5-5613-4644-9BEF-2B84BA952CD5}.Debug|Any CPU.Build.0 = Debug|Any CPU
		{3A39DDE5-5613-4644-9BEF-2B84BA952CD5}.Release|Any CPU.ActiveCfg = Release|Any CPU
		{3A39DDE5-5613-4644-9BEF-2B84BA952CD5}.Release|Any CPU.Build.0 = Release|Any CPU
	EndGlobalSection
	GlobalSection(SolutionProperties) = preSolution
		HideSolutionNode = FALSE
	EndGlobalSection
	GlobalSection(ExtensibilityGlobals) = postSolution
		SolutionGuid = {AB0C29C7-8576-4B61-9D07-9D8865FD8748}
	EndGlobalSection
EndGlobal
